<?xml version="1.0" encoding="utf-8"?>
<Project ToolsVersion="4.0" xmlns="http://schemas.microsoft.com/developer/msbuild/2003">
  <ItemGroup>
    <Filter Include="tests">
      <UniqueIdentifier>{5ba3a869-04ee-4782-ad17-75046895a1a0}</UniqueIdentifier>
    </Filter>
    <Filter Include="main">
      <UniqueIdentifier>{8b145010-fa13-4d2b-92f8-7f80a64c7eb0}</UniqueIdentifier>
    </Filter>
    <Filter Include="testenv">
      <UniqueIdentifier>{2aea50a7-9fb0-4b2b-80fb-fa3234ddf4d8}</UniqueIdentifier>
    </Filter>
  </ItemGroup>
  <ItemGroup>
    <ClInclude Include="tests\ShowDbVersion.h">
      <Filter>tests</Filter>
    </ClInclude>
    <ClInclude Include="Tests.h">
      <Filter>main</Filter>
    </ClInclude>
    <ClInclude Include="tests\ShowPlayers.h">
      <Filter>tests</Filter>
    </ClInclude>
    <ClInclude Include="environment\FifaDbEnvironment.h">
      <Filter>testenv</Filter>
    </ClInclude>
    <ClInclude Include="environment\TestsEnvironment.h">
      <Filter>testenv</Filter>
    </ClInclude>
    <ClInclude Include="tests\ReadWriteTest.h">
      <Filter>tests</Filter>
    </ClInclude>
    <ClInclude Include="environment\FifamDbEnvironment.h">
      <Filter>testenv</Filter>
    </ClInclude>
    <ClInclude Include="tests\WriteCountries.h">
      <Filter>tests</Filter>
    </ClInclude>
    <ClInclude Include="tests\FlagsTest.h">
      <Filter>tests</Filter>
    </ClInclude>
    <ClInclude Include="tests\ColorsTest.h">
      <Filter>tests</Filter>
    </ClInclude>
    <ClInclude Include="tests\BadgeTest.h">
      <Filter>tests</Filter>
    </ClInclude>
    <ClInclude Include="tests\GeoCoordsTest.h">
      <Filter>tests</Filter>
    </ClInclude>
    <ClInclude Include="tests\CompIDTest.h">
      <Filter>tests</Filter>
    </ClInclude>
    <ClInclude Include="tests\WriteDbCountriesTest.h">
      <Filter>tests</Filter>
    </ClInclude>
    <ClInclude Include="tests\WriteDbClubsTest.h">
      <Filter>tests</Filter>
    </ClInclude>
    <ClInclude Include="tests\WriteDbTest.h">
      <Filter>tests</Filter>
    </ClInclude>
    <ClInclude Include="tests\RulesTest.h">
      <Filter>tests</Filter>
    </ClInclude>
    <ClInclude Include="tests\WritePlayerHistoryTest.h">
      <Filter>tests</Filter>
    </ClInclude>
    <ClInclude Include="tests\WritePlayerContractTest.h">
      <Filter>tests</Filter>
    </ClInclude>
    <ClInclude Include="tests\WritePlayersTest.h">
      <Filter>tests</Filter>
    </ClInclude>
    <ClInclude Include="tests\HistoricTest.h">
      <Filter>tests</Filter>
    </ClInclude>
    <ClInclude Include="tests\CompetitionsTest.h">
      <Filter>tests</Filter>
    </ClInclude>
    <ClInclude Include="tests\CreateFlagImages.h">
      <Filter>tests</Filter>
    </ClInclude>
    <ClInclude Include="tests\FifaConverter.h">
      <Filter>tests</Filter>
    </ClInclude>
    <ClInclude Include="environment\FoomDbEnvironment.h">
      <Filter>testenv</Filter>
    </ClInclude>
    <ClInclude Include="tests\FoomBasicTest.h">
      <Filter>tests</Filter>
    </ClInclude>
    <ClInclude Include="tests\PlayerRelationsTest.h">
      <Filter>tests</Filter>
    </ClInclude>
    <ClInclude Include="tests\WritePlayerIDs.h">
      <Filter>tests</Filter>
    </ClInclude>
    <ClInclude Include="tests\CalendarDatabase.h">
      <Filter>tests</Filter>
    </ClInclude>
    <ClInclude Include="tests\ExportXML.h">
      <Filter>tests</Filter>
    </ClInclude>
    <ClInclude Include="tests\ExportCompInfo.h">
      <Filter>tests</Filter>
    </ClInclude>
    <ClInclude Include="tests\GenerateKitColors.h">
      <Filter>tests</Filter>
    </ClInclude>
    <ClInclude Include="tests\ExportClubIDs.h">
      <Filter>tests</Filter>
    </ClInclude>
    <ClInclude Include="tests\GenerateKitConfig.h">
      <Filter>tests</Filter>
    </ClInclude>
    <ClInclude Include="tests\CopyPortraitsLight.h">
      <Filter>tests</Filter>
    </ClInclude>
    <ClInclude Include="tests\ExportPlayerAccessories.h">
      <Filter>tests</Filter>
    </ClInclude>
    <ClInclude Include="tests\Parameters.h">
      <Filter>tests</Filter>
    </ClInclude>
    <ClInclude Include="tests\DbConvert.h">
      <Filter>tests</Filter>
    </ClInclude>
    <ClInclude Include="tests\ExportJapanLeaguePlayers.h">
      <Filter>tests</Filter>
    </ClInclude>
    <ClInclude Include="tests\MissingPortraits.h">
      <Filter>tests</Filter>
    </ClInclude>
    <ClInclude Include="tests\DatabaseRewrite.h">
      <Filter>tests</Filter>
    </ClInclude>
    <ClInclude Include="tests\CreateStarheadsFile.h">
      <Filter>tests</Filter>
    </ClInclude>
    <ClInclude Include="tests\GetUnlinkedFaces.h">
      <Filter>tests</Filter>
    </ClInclude>
    <ClInclude Include="tests\UpdateDbNames.h">
      <Filter>tests</Filter>
    </ClInclude>
    <ClInclude Include="tests\Fifa07Convert.h">
      <Filter>tests</Filter>
    </ClInclude>
    <ClInclude Include="tests\Fifa07Kits.h">
      <Filter>tests</Filter>
    </ClInclude>
    <ClInclude Include="tests\UpdateBudgets.h">
      <Filter>tests</Filter>
    </ClInclude>
    <ClInclude Include="environment\FifaFifamIDsEnvironment.h">
      <Filter>testenv</Filter>
    </ClInclude>
    <ClInclude Include="tests\RenameCityPictures.h">
      <Filter>tests</Filter>
    </ClInclude>
    <ClInclude Include="tests\BadgesFM07toFIFA07.h">
      <Filter>tests</Filter>
    </ClInclude>
    <ClInclude Include="tests\CompareDB.h">
      <Filter>tests</Filter>
    </ClInclude>
    <ClInclude Include="tests\DbGraphicsStats.h">
      <Filter>tests</Filter>
    </ClInclude>
    <ClInclude Include="tests\Fifa07Portraits.h">
      <Filter>tests</Filter>
    </ClInclude>
    <ClInclude Include="tests\PlayerIdTest.h">
      <Filter>tests</Filter>
    </ClInclude>
    <ClInclude Include="tests\FifaCommentaryFile.h">
      <Filter>tests</Filter>
    </ClInclude>
    <ClInclude Include="tests\TeamColors.h">
      <Filter>tests</Filter>
    </ClInclude>
    <ClInclude Include="tests\DatesTest.h">
      <Filter>tests</Filter>
    </ClInclude>
    <ClInclude Include="tests\DbCommands.h">
      <Filter>tests</Filter>
    </ClInclude>
    <ClInclude Include="tests\Translation.h">
      <Filter>tests</Filter>
    </ClInclude>
    <ClInclude Include="tests\PngFix.h">
      <Filter>tests</Filter>
    </ClInclude>
    <ClInclude Include="tests\ParseTransfermarktStats.h">
      <Filter>tests</Filter>
    </ClInclude>
    <ClInclude Include="tests\PackMusic.h">
      <Filter>tests</Filter>
    </ClInclude>
    <ClInclude Include="tests\PackABK.h">
      <Filter>tests</Filter>
    </ClInclude>
    <ClInclude Include="tests\FM07toFIFA07.h">
      <Filter>tests</Filter>
    </ClInclude>
    <ClInclude Include="tests\TranslationStrip.h">
      <Filter>tests</Filter>
    </ClInclude>
    <ClInclude Include="tests\FilesToFolders.h">
      <Filter>tests</Filter>
    </ClInclude>
    <ClInclude Include="tests\Fm07DbFix.h">
      <Filter>tests</Filter>
    </ClInclude>
    <ClInclude Include="tests\FifaXXlPortraits.h">
      <Filter>tests</Filter>
    </ClInclude>
    <ClInclude Include="tests\AdboardsFIFA07.h">
      <Filter>tests</Filter>
    </ClInclude>
    <ClInclude Include="TestsRun.h" />
    <ClInclude Include="tests\WriteBadgesLaLiga.h">
      <Filter>tests</Filter>
    </ClInclude>
    <ClInclude Include="tests\WriteFifaPlayerNames.h">
      <Filter>tests</Filter>
    </ClInclude>
    <ClInclude Include="tests\CopyPortraitsFromPreviousPatch.h">
      <Filter>tests</Filter>
    </ClInclude>
    <ClInclude Include="tests\TranslationHashes.h">
      <Filter>tests</Filter>
    </ClInclude>
    <ClInclude Include="tests\ClubNames.h">
      <Filter>tests</Filter>
    </ClInclude>
    <ClInclude Include="tests\FixScoutCountries.h">
      <Filter>tests</Filter>
    </ClInclude>
    <ClInclude Include="tests\FixCompetitionBadges.h">
      <Filter>tests</Filter>
    </ClInclude>
    <ClInclude Include="tests\CreateWorldCupDatabase.h">
      <Filter>tests</Filter>
    </ClInclude>
    <ClInclude Include="tests\FixCityLocations.h">
      <Filter>tests</Filter>
    </ClInclude>
    <ClInclude Include="tests\CopyTeamKits.h">
      <Filter>tests</Filter>
    </ClInclude>
    <ClInclude Include="tests\TrToTxt.h">
      <Filter>tests</Filter>
    </ClInclude>
    <ClInclude Include="tests\RenameHeadFiles.h">
      <Filter>tests</Filter>
    </ClInclude>
    <ClInclude Include="tests\UpdateKitConfig.h">
      <Filter>tests</Filter>
    </ClInclude>
    <ClInclude Include="tests\CopyPlayers.h">
      <Filter>tests</Filter>
    </ClInclude>
    <ClInclude Include="tests\CopyPortraitsNoID.h">
      <Filter>tests</Filter>
    </ClInclude>
    <ClInclude Include="tests\AssignPlayerFaces.h">
      <Filter>tests</Filter>
    </ClInclude>
    <ClInclude Include="tests\PlayerNames.h">
      <Filter>tests</Filter>
    </ClInclude>
    <ClInclude Include="tests\SortShoes.h">
      <Filter>tests</Filter>
    </ClInclude>
    <ClInclude Include="tests\StaffTest.h">
      <Filter>tests</Filter>
    </ClInclude>
  </ItemGroup>
  <ItemGroup>
    <ClCompile Include="Tests.cpp">
      <Filter>main</Filter>
    </ClCompile>
  </ItemGroup>
</Project>