<?xml version="1.0" encoding="utf-8"?>
<Project ToolsVersion="4.0" xmlns="http://schemas.microsoft.com/developer/msbuild/2003">
  <ItemGroup>
    <Filter Include="tests">
      <UniqueIdentifier>{5ba3a869-04ee-4782-ad17-75046895a1a0}</UniqueIdentifier>
    </Filter>
    <Filter Include="main">
      <UniqueIdentifier>{8b145010-fa13-4d2b-92f8-7f80a64c7eb0}</UniqueIdentifier>
    </Filter>
    <Filter Include="testenv">
      <UniqueIdentifier>{2aea50a7-9fb0-4b2b-80fb-fa3234ddf4d8}</UniqueIdentifier>
    </Filter>
  </ItemGroup>
  <ItemGroup>
    <ClInclude Include="tests\ShowDbVersion.h">
      <Filter>tests</Filter>
    </ClInclude>
    <ClInclude Include="TestsRun.h" />
    <ClInclude Include="Tests.h">
      <Filter>main</Filter>
    </ClInclude>
    <ClInclude Include="tests\ShowPlayers.h">
      <Filter>tests</Filter>
    </ClInclude>
    <ClInclude Include="environment\FifaDbEnvironment.h">
      <Filter>testenv</Filter>
    </ClInclude>
    <ClInclude Include="environment\TestsEnvironment.h">
      <Filter>testenv</Filter>
    </ClInclude>
    <ClInclude Include="tests\ReadWriteTest.h">
      <Filter>tests</Filter>
    </ClInclude>
    <ClInclude Include="environment\FifamDbEnvironment.h">
      <Filter>testenv</Filter>
    </ClInclude>
    <ClInclude Include="tests\WriteCountries.h">
      <Filter>tests</Filter>
    </ClInclude>
    <ClInclude Include="tests\FlagsTest.h">
      <Filter>tests</Filter>
    </ClInclude>
    <ClInclude Include="tests\ColorsTest.h">
      <Filter>tests</Filter>
    </ClInclude>
    <ClInclude Include="tests\BadgeTest.h">
      <Filter>tests</Filter>
    </ClInclude>
    <ClInclude Include="tests\GeoCoordsTest.h">
      <Filter>tests</Filter>
    </ClInclude>
    <ClInclude Include="tests\CompIDTest.h">
      <Filter>tests</Filter>
    </ClInclude>
    <ClInclude Include="tests\WriteDbCountriesTest.h">
      <Filter>tests</Filter>
    </ClInclude>
    <ClInclude Include="tests\WriteDbClubsTest.h">
      <Filter>tests</Filter>
    </ClInclude>
    <ClInclude Include="tests\WriteDbTest.h">
      <Filter>tests</Filter>
    </ClInclude>
    <ClInclude Include="tests\RulesTest.h">
      <Filter>tests</Filter>
    </ClInclude>
    <ClInclude Include="tests\WritePlayerHistoryTest.h">
      <Filter>tests</Filter>
    </ClInclude>
  </ItemGroup>
  <ItemGroup>
    <ClCompile Include="Tests.cpp">
      <Filter>main</Filter>
    </ClCompile>
  </ItemGroup>
</Project>