
Microsoft Visual Studio Solution File, Format Version 12.00
# Visual Studio 15
VisualStudioVersion = 15.0.26730.16
MinimumVisualStudioVersion = 10.0.40219.1
Project("{8BC9CEB8-8B4A-11D0-8D11-00A0C91BC942}") = "fifaapi", "fifaapi\fifaapi.vcxproj", "{A7D35F8D-0EAF-4500-940D-5AA2D8619765}"
	ProjectSection(ProjectDependencies) = postProject
		{585A4066-A8F4-479A-AEB5-B5FD4B628994} = {585A4066-A8F4-479A-AEB5-B5FD4B628994}
	EndProjectSection
EndProject
Project("{8BC9CEB8-8B4A-11D0-8D11-00A0C91BC942}") = "fmapi", "fmapi\fmapi.vcxproj", "{18A4A0AE-B8F4-4020-BC0A-A1284E2D5FFD}"
	ProjectSection(ProjectDependencies) = postProject
		{585A4066-A8F4-479A-AEB5-B5FD4B628994} = {585A4066-A8F4-479A-AEB5-B5FD4B628994}
	EndProjectSection
EndProject
Project("{2150E333-8FDC-42A3-9474-1A3956D46DE8}") = "test", "test", "{2BF74687-F4CF-4A87-8EF8-DF998E5CB8B1}"
EndProject
Project("{8BC9CEB8-8B4A-11D0-8D11-00A0C91BC942}") = "Tests", "test\Tests.vcxproj", "{C0A884D2-95C0-42C2-81F1-A877DC800C87}"
	ProjectSection(ProjectDependencies) = postProject
		{585A4066-A8F4-479A-AEB5-B5FD4B628994} = {585A4066-A8F4-479A-AEB5-B5FD4B628994}
		{A7D35F8D-0EAF-4500-940D-5AA2D8619765} = {A7D35F8D-0EAF-4500-940D-5AA2D8619765}
		{18A4A0AE-B8F4-4020-BC0A-A1284E2D5FFD} = {18A4A0AE-B8F4-4020-BC0A-A1284E2D5FFD}
	EndProjectSection
EndProject
Project("{8BC9CEB8-8B4A-11D0-8D11-00A0C91BC942}") = "generic", "generic\generic.vcxproj", "{585A4066-A8F4-479A-AEB5-B5FD4B628994}"
EndProject
Project("{8BC9CEB8-8B4A-11D0-8D11-00A0C91BC942}") = "foom_db", "foom_db\foom_db.vcxproj", "{010D3858-D575-4C9A-816F-212175DD57BA}"
EndProject
Project("{2150E333-8FDC-42A3-9474-1A3956D46DE8}") = "converters", "converters", "{52D2BA09-A8EB-414D-A583-95725F4275B7}"
EndProject
Project("{8BC9CEB8-8B4A-11D0-8D11-00A0C91BC942}") = "fm-fifam-converter", "fm-fifam-converter\fm-fifam-converter.vcxproj", "{A178B2A0-8B11-41B0-8725-517AF11536D6}"
	ProjectSection(ProjectDependencies) = postProject
		{010D3858-D575-4C9A-816F-212175DD57BA} = {010D3858-D575-4C9A-816F-212175DD57BA}
		{585A4066-A8F4-479A-AEB5-B5FD4B628994} = {585A4066-A8F4-479A-AEB5-B5FD4B628994}
		{A7D35F8D-0EAF-4500-940D-5AA2D8619765} = {A7D35F8D-0EAF-4500-940D-5AA2D8619765}
		{18A4A0AE-B8F4-4020-BC0A-A1284E2D5FFD} = {18A4A0AE-B8F4-4020-BC0A-A1284E2D5FFD}
	EndProjectSection
EndProject
Project("{8BC9CEB8-8B4A-11D0-8D11-00A0C91BC942}") = "fifa-kit-converter", "fifa-kit-converter\fifa-kit-converter.vcxproj", "{03228046-E546-47EB-B48C-340EF2F662C3}"
EndProject
Global
	GlobalSection(SolutionConfigurationPlatforms) = preSolution
		Release|x86 = Release|x86
	EndGlobalSection
	GlobalSection(ProjectConfigurationPlatforms) = postSolution
		{A7D35F8D-0EAF-4500-940D-5AA2D8619765}.Release|x86.ActiveCfg = Release|Win32
		{A7D35F8D-0EAF-4500-940D-5AA2D8619765}.Release|x86.Build.0 = Release|Win32
		{18A4A0AE-B8F4-4020-BC0A-A1284E2D5FFD}.Release|x86.ActiveCfg = Release|Win32
		{18A4A0AE-B8F4-4020-BC0A-A1284E2D5FFD}.Release|x86.Build.0 = Release|Win32
		{C0A884D2-95C0-42C2-81F1-A877DC800C87}.Release|x86.ActiveCfg = Release|Win32
		{C0A884D2-95C0-42C2-81F1-A877DC800C87}.Release|x86.Build.0 = Release|Win32
		{585A4066-A8F4-479A-AEB5-B5FD4B628994}.Release|x86.ActiveCfg = Release|Win32
		{585A4066-A8F4-479A-AEB5-B5FD4B628994}.Release|x86.Build.0 = Release|Win32
		{010D3858-D575-4C9A-816F-212175DD57BA}.Release|x86.ActiveCfg = Release|Win32
		{010D3858-D575-4C9A-816F-212175DD57BA}.Release|x86.Build.0 = Release|Win32
		{A178B2A0-8B11-41B0-8725-517AF11536D6}.Release|x86.ActiveCfg = Release|Win32
		{A178B2A0-8B11-41B0-8725-517AF11536D6}.Release|x86.Build.0 = Release|Win32
		{03228046-E546-47EB-B48C-340EF2F662C3}.Release|x86.ActiveCfg = Release|Win32
		{03228046-E546-47EB-B48C-340EF2F662C3}.Release|x86.Build.0 = Release|Win32
	EndGlobalSection
	GlobalSection(SolutionProperties) = preSolution
		HideSolutionNode = FALSE
	EndGlobalSection
	GlobalSection(NestedProjects) = preSolution
		{C0A884D2-95C0-42C2-81F1-A877DC800C87} = {2BF74687-F4CF-4A87-8EF8-DF998E5CB8B1}
		{A178B2A0-8B11-41B0-8725-517AF11536D6} = {52D2BA09-A8EB-414D-A583-95725F4275B7}
		{03228046-E546-47EB-B48C-340EF2F662C3} = {52D2BA09-A8EB-414D-A583-95725F4275B7}
	EndGlobalSection
	GlobalSection(ExtensibilityGlobals) = postSolution
		SolutionGuid = {C28418E1-E01F-4EB0-ADAA-6DE4C9FB5729}
	EndGlobalSection
EndGlobal
