<?xml version="1.0" encoding="utf-8"?>
<Project ToolsVersion="4.0" xmlns="http://schemas.microsoft.com/developer/msbuild/2003">
  <ItemGroup>
    <ClInclude Include="FifamPlayer.h" />
    <ClInclude Include="FifamDate.h" />
    <ClInclude Include="FifamLanguage.h" />
    <ClInclude Include="FifamCountry.h" />
    <ClInclude Include="FifamClub.h" />
    <ClInclude Include="FifamVersion.h" />
    <ClInclude Include="FifamReadWrite.h" />
    <ClInclude Include="FifamTypes.h" />
    <ClInclude Include="FifamStaff.h" />
    <ClInclude Include="FifamDatabase.h" />
    <ClInclude Include="FifamNation.h" />
    <ClInclude Include="FifamTranslation.h" />
    <ClInclude Include="FifamReferee.h" />
    <ClInclude Include="FifamSponsor.h" />
    <ClInclude Include="FifamStadium.h" />
    <ClInclude Include="FifamCompetition.h" />
    <ClInclude Include="FifamManager.h" />
    <ClInclude Include="FifamFormation.h" />
    <ClInclude Include="FifamCupAlloc.h" />
    <ClInclude Include="FifamRoundID.h" />
    <ClInclude Include="FifamBeg.h" />
    <ClInclude Include="FifamCupAllocType.h" />
    <ClInclude Include="FifamFlags.h" />
    <ClInclude Include="FifamTerritory.h" />
    <ClInclude Include="FifamPlayerAppearance.h" />
    <ClInclude Include="FifamShoeType.h" />
    <ClInclude Include="FifamEnum.h" />
    <ClInclude Include="FifamRefereeType.h" />
    <ClInclude Include="FifamSuspensionRule.h" />
    <ClInclude Include="FifamRedCardRule.h" />
    <ClInclude Include="FifamEqualPointsSorting.h" />
    <ClInclude Include="FifamCupSystemType.h" />
    <ClInclude Include="FifamSuperCupType.h" />
    <ClInclude Include="FifamClimate.h" />
    <ClInclude Include="FifamAmateurRule.h" />
    <ClInclude Include="FifamContinent.h" />
    <ClInclude Include="FifamKit.h" />
    <ClInclude Include="FifamKitBadgePosition.h" />
    <ClInclude Include="FifamClubRecord.h" />
    <ClInclude Include="FifamClubHistory.h" />
    <ClInclude Include="FifamCountryAppearanceData.h" />
    <ClInclude Include="FifamCountryLeagueLevelInfo.h" />
    <ClInclude Include="FifamStadiumType.h" />
    <ClInclude Include="FifamCompID.h" />
    <ClInclude Include="FifamCompType.h" />
    <ClInclude Include="FifamCompRegion.h" />
    <ClInclude Include="FifamPoolSorting.h" />
    <ClInclude Include="FifamRelRule.h" />
    <ClInclude Include="FifamClubAiStrategy.h" />
    <ClInclude Include="FifamClubLandscape.h" />
    <ClInclude Include="FifamClubSettlement.h" />
    <ClInclude Include="FifamClubMediaPressure.h" />
    <ClInclude Include="FifamClubBadge.h" />
    <ClInclude Include="FifamClubTeamColor.h" />
    <ClInclude Include="FifamClubBadgeType.h" />
    <ClInclude Include="FifamClubBadgeShape.h" />
    <ClInclude Include="FifamKitColor.h" />
    <ClInclude Include="FifamClubInterfaceColor.h" />
    <ClInclude Include="FifamClubMerchandiseColor.h" />
    <ClInclude Include="FifamPerson.h" />
    <ClInclude Include="FifamGeoCoords.h" />
    <ClInclude Include="FifamShirtNumberColor.h" />
    <ClInclude Include="FifamPlayerHistory.h" />
    <ClInclude Include="FifamPlayerHistoryEntry.h" />
    <ClInclude Include="FifamPlayerContract.h" />
    <ClInclude Include="FifamPersonType.h" />
    <ClInclude Include="FifamClubLink.h" />
    <ClInclude Include="FifamClubTeamType.h" />
    <ClInclude Include="FifamCompPool.h" />
    <ClInclude Include="FifamCompLeague.h" />
    <ClInclude Include="FifamCompRound.h" />
    <ClInclude Include="FifamRules.h" />
    <ClInclude Include="FifamUtils.h" />
    <ClInclude Include="FifamClubLastSeasonInfo.h" />
    <ClInclude Include="FifamClubPenaltyType.h" />
    <ClInclude Include="FifamPlayerPosition.h" />
    <ClInclude Include="FifamPlayerContractSquadRole.h" />
    <ClInclude Include="FifamPlayerLevel.h" />
    <ClInclude Include="FifamPlayerCharacter.h" />
    <ClInclude Include="FifamPlayerPlayingStyle.h" />
    <ClInclude Include="FifamPlayerPositionRole.h" />
    <ClInclude Include="FifamPlayerAgent.h" />
    <ClInclude Include="FifamChairmanStability.h" />
    <ClInclude Include="FifamPlayerStartingConditions.h" />
    <ClInclude Include="FifamPlayerInjuryType.h" />
    <ClInclude Include="FifamPlayerAttributes.h" />
    <ClInclude Include="FifamFifaWorldPlayer.h" />
    <ClInclude Include="FifamHistoric.h" />
    <ClInclude Include="FifamWorstStartingStreak.h" />
    <ClInclude Include="FifamCACPlayer.h" />
    <ClInclude Include="FifamPlayerAbilityID.h" />
    <ClInclude Include="FifamPlayerCharacterID.h" />
    <ClInclude Include="FifamManagerFocus.h" />
    <ClInclude Include="FifamClubStaffPosition.h" />
    <ClInclude Include="FifamCoachPlayingOrientation.h" />
    <ClInclude Include="FifamCompCup.h" />
    <ClInclude Include="FifamCompDbType.h" />
    <ClInclude Include="FifamDbWriteable.h" />
    <ClInclude Include="FifamCompRoot.h" />
    <ClInclude Include="FifamInstructionID.h" />
    <ClInclude Include="FifamInstruction.h" />
    <ClInclude Include="FifamInstructionList.h" />
    <ClInclude Include="FifamPlayerGenerator.h" />
    <ClInclude Include="FifamNames.h" />
    <ClInclude Include="FifamGraphics.h" />
  </ItemGroup>
  <ItemGroup>
    <ClCompile Include="FifamDate.cpp" />
    <ClCompile Include="FifamCountry.cpp" />
    <ClCompile Include="FifamClub.cpp" />
    <ClCompile Include="FifamVersion.cpp" />
    <ClCompile Include="FifamDatabase.cpp" />
    <ClCompile Include="FifamReferee.cpp" />
    <ClCompile Include="FifamSponsor.cpp" />
    <ClCompile Include="FifamStadium.cpp" />
    <ClCompile Include="FifamPlayer.cpp" />
    <ClCompile Include="FifamCompetition.cpp" />
    <ClCompile Include="FifamManager.cpp" />
    <ClCompile Include="FifamCupAlloc.cpp" />
    <ClCompile Include="FifamReadWrite.cpp" />
    <ClCompile Include="FifamPlayerAppearance.cpp" />
    <ClCompile Include="FifamKit.cpp" />
    <ClCompile Include="FifamClubRecord.cpp" />
    <ClCompile Include="FifamClubHistory.cpp" />
    <ClCompile Include="FifamCountryAppearanceData.cpp" />
    <ClCompile Include="FifamCountryLeagueLevelInfo.cpp" />
    <ClCompile Include="FifamClubBadge.cpp" />
    <ClCompile Include="FifamCompID.cpp" />
    <ClCompile Include="FifamGeoCoords.cpp" />
    <ClCompile Include="FifamPlayerHistory.cpp" />
    <ClCompile Include="FifamPlayerHistoryEntry.cpp" />
    <ClCompile Include="FifamPlayerContract.cpp" />
    <ClCompile Include="FifamClubLink.cpp" />
    <ClCompile Include="FifamRules.cpp" />
    <ClCompile Include="FifamUtils.cpp" />
    <ClCompile Include="FifamPlayerLevel.cpp" />
    <ClCompile Include="FifamPlayerStartingConditions.cpp" />
    <ClCompile Include="FifamPlayerAttributes.cpp" />
    <ClCompile Include="FifamHistoric.cpp" />
    <ClCompile Include="FifamCACPlayer.cpp" />
    <ClCompile Include="FifamStaff.cpp" />
    <ClCompile Include="FifamCompRound.cpp" />
    <ClCompile Include="FifamCompLeague.cpp" />
    <ClCompile Include="FifamCompPool.cpp" />
    <ClCompile Include="FifamDbWriteable.cpp" />
    <ClCompile Include="FifamCompRoot.cpp" />
    <ClCompile Include="FifamCompCup.cpp" />
    <ClCompile Include="FifamInstruction.cpp" />
    <ClCompile Include="FifamInstructionList.cpp" />
    <ClCompile Include="FifamPlayerGenerator.cpp" />
    <ClCompile Include="FifamNames.cpp" />
    <ClCompile Include="FifamGraphics.cpp" />
  </ItemGroup>
</Project>