<?xml version="1.0" encoding="utf-8"?>
<Project ToolsVersion="4.0" xmlns="http://schemas.microsoft.com/developer/msbuild/2003">
  <ItemGroup>
    <ClInclude Include="FmPlayer13.h" />
    <ClInclude Include="FifamPlayer.h" />
    <ClInclude Include="FifamDate.h" />
    <ClInclude Include="FifamLanguage.h" />
    <ClInclude Include="FifamCountry.h" />
    <ClInclude Include="FifamClub.h" />
    <ClInclude Include="FifamVersion.h" />
    <ClInclude Include="FifamReadWrite.h" />
    <ClInclude Include="FifamTypes.h" />
    <ClInclude Include="FifamStaff.h" />
    <ClInclude Include="FifamDatabase.h" />
    <ClInclude Include="FifamNation.h" />
    <ClInclude Include="FifamTranslation.h" />
    <ClInclude Include="FifamReferee.h" />
    <ClInclude Include="FifamSponsor.h" />
    <ClInclude Include="FifamRegenPlayer.h" />
    <ClInclude Include="FifamStadium.h" />
    <ClInclude Include="FifamCompetition.h" />
    <ClInclude Include="FifamManager.h" />
    <ClInclude Include="FifamFormation.h" />
    <ClInclude Include="FifamCupAlloc.h" />
    <ClInclude Include="FifamRoundID.h" />
    <ClInclude Include="FifamBeg.h" />
    <ClInclude Include="FifamCupAllocType.h" />
    <ClInclude Include="FifamFlags.h" />
    <ClInclude Include="FifamTerritory.h" />
    <ClInclude Include="FifamPlayerAppearance.h" />
    <ClInclude Include="FifamShoeType.h" />
    <ClInclude Include="FifamEnum.h" />
    <ClInclude Include="FifamRefereeType.h" />
    <ClInclude Include="FifamSuspensionRule.h" />
    <ClInclude Include="FifamRedCardRule.h" />
    <ClInclude Include="FifamEqualPointsSorting.h" />
    <ClInclude Include="FifamLeagueSystemType.h" />
    <ClInclude Include="FifamCupSystemType.h" />
    <ClInclude Include="FifamLeagueCupSystemType.h" />
    <ClInclude Include="FifamSuperCupType.h" />
    <ClInclude Include="FifamClimate.h" />
    <ClInclude Include="FifamAmateurRule.h" />
    <ClInclude Include="FifamContinent.h" />
    <ClInclude Include="FifamCountryFlags.h" />
    <ClInclude Include="FifamKit.h" />
    <ClInclude Include="FifamKitBadgePosition.h" />
    <ClInclude Include="FifamClubRecord.h" />
    <ClInclude Include="FifamClubHistory.h" />
    <ClInclude Include="FifamCountryAppearanceData.h" />
    <ClInclude Include="FifamCountryLeagueLevelInfo.h" />
    <ClInclude Include="FifamStadiumType.h" />
    <ClInclude Include="FifamCompID.h" />
    <ClInclude Include="FifamCompType.h" />
    <ClInclude Include="FifamCompRegion.h" />
    <ClInclude Include="FifamPoolSorting.h" />
    <ClInclude Include="FifamRelRule.h" />
    <ClInclude Include="FifamClubAiStrategy.h" />
    <ClInclude Include="FifamClubLandscape.h" />
    <ClInclude Include="FifamClubSettlement.h" />
    <ClInclude Include="FifamClubMediaPressure.h" />
    <ClInclude Include="FifamClubBadge.h" />
    <ClInclude Include="FifamClubTeamColor.h" />
    <ClInclude Include="FifamClubBadgeType.h" />
    <ClInclude Include="FifamClubBadgeShape.h" />
    <ClInclude Include="FifamKitColor.h" />
    <ClInclude Include="FifamClubInterfaceColor.h" />
    <ClInclude Include="FifamClubMerchandiseColor.h" />
    <ClInclude Include="FifamPerson.h" />
    <ClInclude Include="FifamGeoCoords.h" />
  </ItemGroup>
  <ItemGroup>
    <ClCompile Include="FifamDate.cpp" />
    <ClCompile Include="FifamCountry.cpp" />
    <ClCompile Include="FifamClub.cpp" />
    <ClCompile Include="FifamVersion.cpp" />
    <ClCompile Include="FifamDatabase.cpp" />
    <ClCompile Include="FifamReferee.cpp" />
    <ClCompile Include="FifamSponsor.cpp" />
    <ClCompile Include="FifamRegenPlayer.cpp" />
    <ClCompile Include="FifamStadium.cpp" />
    <ClCompile Include="FifamPlayer.cpp" />
    <ClCompile Include="FifamCompetition.cpp" />
    <ClCompile Include="FifamManager.cpp" />
    <ClCompile Include="FifamCupAlloc.cpp" />
    <ClCompile Include="FifamReadWrite.cpp" />
    <ClCompile Include="FifamPlayerAppearance.cpp" />
    <ClCompile Include="FifamKit.cpp" />
    <ClCompile Include="FifamClubRecord.cpp" />
    <ClCompile Include="FifamClubHistory.cpp" />
    <ClCompile Include="FifamCountryAppearanceData.cpp" />
    <ClCompile Include="FifamCountryLeagueLevelInfo.cpp" />
    <ClCompile Include="FifamClubBadge.cpp" />
    <ClCompile Include="FifamCompID.cpp" />
    <ClCompile Include="FifamGeoCoords.cpp" />
  </ItemGroup>
</Project>