<?xml version="1.0" encoding="utf-8"?>
<Project ToolsVersion="4.0" xmlns="http://schemas.microsoft.com/developer/msbuild/2003">
  <ItemGroup>
    <ClCompile Include="Main.cpp" />
    <ClCompile Include="KitConverter.cpp" />
    <ClCompile Include="ModelReader.cpp" />
    <ClCompile Include="commandline.cpp" />
    <ClCompile Include="..\shared\Renderer.cpp" />
  </ItemGroup>
  <ItemGroup>
    <ClInclude Include="KitConverter.h" />
    <ClInclude Include="ModelReader.h" />
    <ClInclude Include="commandline.h" />
    <ClInclude Include="..\shared\Renderer.h" />
  </ItemGroup>
</Project>