<?xml version="1.0" encoding="utf-8"?>
<Project ToolsVersion="4.0" xmlns="http://schemas.microsoft.com/developer/msbuild/2003">
  <ItemGroup>
    <ClCompile Include="Date.cpp" />
    <ClCompile Include="Utils.cpp" />
    <ClCompile Include="Hexademical.cpp" />
    <ClCompile Include="Quoted.cpp" />
    <ClCompile Include="Color.cpp" />
    <ClCompile Include="Random.cpp" />
  </ItemGroup>
  <ItemGroup>
    <ClInclude Include="Date.h" />
    <ClInclude Include="Error.h" />
    <ClInclude Include="Utils.h" />
    <ClInclude Include="Hexademical.h" />
    <ClInclude Include="Quoted.h" />
    <ClInclude Include="Color.h" />
    <ClInclude Include="Random.h" />
  </ItemGroup>
</Project>